
Microsoft Visual Studio Solution File, Format Version 12.00
# Visual Studio Version 17
VisualStudioVersion = 17.0.31903.59
MinimumVisualStudioVersion = 10.0.40219.1
Project("{2150E333-8FDC-42A3-9474-1A3956D46DE8}") = "src", "src", "{3E860F15-4A9C-4869-A34D-7AE7528E8AAF}"
EndProject
Project("{2150E333-8FDC-42A3-9474-1A3956D46DE8}") = "core", "core", "{686A88FA-F8CF-4751-9E69-CCE6E8F904AA}"
EndProject
Project("{6EC3EE1D-3C4E-46DD-8F32-0CC8E7565705}") = "FsClean.Preamble", "src\core\FsClean.Preamble\FsClean.Preamble.fsproj", "{D3ABD228-1878-40FD-B34B-940FF5A14657}"
EndProject
Project("{2150E333-8FDC-42A3-9474-1A3956D46DE8}") = "samples", "samples", "{70641318-3005-4F01-AA52-49F2F42F16C8}"
EndProject
Project("{2150E333-8FDC-42A3-9474-1A3956D46DE8}") = "todos", "todos", "{8A2F3FEA-EB02-438F-A8ED-7CAA89BD49A6}"
EndProject
Project("{6EC3EE1D-3C4E-46DD-8F32-0CC8E7565705}") = "Todos.Domain", "samples\todos\Todos.Domain\Todos.Domain.fsproj", "{B662548C-8A6C-4972-904C-D1D2C204CF1A}"
EndProject
Project("{6EC3EE1D-3C4E-46DD-8F32-0CC8E7565705}") = "FsClean.Preamble.Tests", "src\core\FsClean.Preamble.Tests\FsClean.Preamble.Tests.fsproj", "{6E4638BD-2DBD-4760-91F6-26D6A4BAA2D6}"
EndProject
Project("{6EC3EE1D-3C4E-46DD-8F32-0CC8E7565705}") = "Todos.Domain.Tests", "samples\todos\Todos.Domain.Tests\Todos.Domain.Tests.fsproj", "{2D74717F-38D3-4E86-A1E7-606EA2C92DF9}"
EndProject
Project("{6EC3EE1D-3C4E-46DD-8F32-0CC8E7565705}") = "FsClean.Domain", "src\core\FsClean.Domain\FsClean.Domain.fsproj", "{0A151A56-9FED-460F-B4A7-51BCE93EAA6F}"
EndProject
Project("{6EC3EE1D-3C4E-46DD-8F32-0CC8E7565705}") = "FsClean.Domain.Tests", "src\core\FsClean.Domain.Tests\FsClean.Domain.Tests.fsproj", "{5C6B0761-57CA-46E6-8C0B-3C3CEE0C7263}"
EndProject
Project("{F2A71F9B-5D33-465A-A702-920D77279786}") = "Todos.Business", "samples\todos\Todos.Business\Todos.Business.fsproj", "{90E886F4-7722-4FA5-A449-1DA007DEF942}"
EndProject
Project("{F2A71F9B-5D33-465A-A702-920D77279786}") = "FsClean.Business", "src\core\FsClean.Business\FsClean.Business.fsproj", "{5F09033F-9B64-4E93-B59F-632D940B1CD4}"
EndProject
Project("{F2A71F9B-5D33-465A-A702-920D77279786}") = "Todos.Application", "samples\todos\Todos.Application\Todos.Application.fsproj", "{0E192DDE-EA4F-4E86-A7E4-B2F8F1ECC9EB}"
EndProject
Project("{F2A71F9B-5D33-465A-A702-920D77279786}") = "FsClean.Application", "src\core\FsClean.Application\FsClean.Application.fsproj", "{030CC7FC-B80B-4069-A6C7-086DEBDCFA1D}"
EndProject
Project("{F2A71F9B-5D33-465A-A702-920D77279786}") = "FsClean.InMemory", "src\core\FsClean.InMemory\FsClean.InMemory.fsproj", "{24DEB468-CA2B-448F-BBD3-63BBF61F3414}"
EndProject
Project("{F2A71F9B-5D33-465A-A702-920D77279786}") = "Todos.WebApi", "samples\todos\Todos.WebApi\Todos.WebApi.fsproj", "{1897709D-3932-45A9-BE2B-71A22045F57A}"
EndProject
Global
	GlobalSection(SolutionConfigurationPlatforms) = preSolution
		Debug|Any CPU = Debug|Any CPU
		Release|Any CPU = Release|Any CPU
	EndGlobalSection
	GlobalSection(ProjectConfigurationPlatforms) = postSolution
		{D3ABD228-1878-40FD-B34B-940FF5A14657}.Debug|Any CPU.ActiveCfg = Debug|Any CPU
		{D3ABD228-1878-40FD-B34B-940FF5A14657}.Debug|Any CPU.Build.0 = Debug|Any CPU
		{D3ABD228-1878-40FD-B34B-940FF5A14657}.Release|Any CPU.ActiveCfg = Release|Any CPU
		{D3ABD228-1878-40FD-B34B-940FF5A14657}.Release|Any CPU.Build.0 = Release|Any CPU
		{B662548C-8A6C-4972-904C-D1D2C204CF1A}.Debug|Any CPU.ActiveCfg = Debug|Any CPU
		{B662548C-8A6C-4972-904C-D1D2C204CF1A}.Debug|Any CPU.Build.0 = Debug|Any CPU
		{B662548C-8A6C-4972-904C-D1D2C204CF1A}.Release|Any CPU.ActiveCfg = Release|Any CPU
		{B662548C-8A6C-4972-904C-D1D2C204CF1A}.Release|Any CPU.Build.0 = Release|Any CPU
		{6E4638BD-2DBD-4760-91F6-26D6A4BAA2D6}.Debug|Any CPU.ActiveCfg = Debug|Any CPU
		{6E4638BD-2DBD-4760-91F6-26D6A4BAA2D6}.Debug|Any CPU.Build.0 = Debug|Any CPU
		{6E4638BD-2DBD-4760-91F6-26D6A4BAA2D6}.Release|Any CPU.ActiveCfg = Release|Any CPU
		{6E4638BD-2DBD-4760-91F6-26D6A4BAA2D6}.Release|Any CPU.Build.0 = Release|Any CPU
		{2D74717F-38D3-4E86-A1E7-606EA2C92DF9}.Debug|Any CPU.ActiveCfg = Debug|Any CPU
		{2D74717F-38D3-4E86-A1E7-606EA2C92DF9}.Debug|Any CPU.Build.0 = Debug|Any CPU
		{2D74717F-38D3-4E86-A1E7-606EA2C92DF9}.Release|Any CPU.ActiveCfg = Release|Any CPU
		{2D74717F-38D3-4E86-A1E7-606EA2C92DF9}.Release|Any CPU.Build.0 = Release|Any CPU
		{0A151A56-9FED-460F-B4A7-51BCE93EAA6F}.Debug|Any CPU.ActiveCfg = Debug|Any CPU
		{0A151A56-9FED-460F-B4A7-51BCE93EAA6F}.Debug|Any CPU.Build.0 = Debug|Any CPU
		{0A151A56-9FED-460F-B4A7-51BCE93EAA6F}.Release|Any CPU.ActiveCfg = Release|Any CPU
		{0A151A56-9FED-460F-B4A7-51BCE93EAA6F}.Release|Any CPU.Build.0 = Release|Any CPU
		{5C6B0761-57CA-46E6-8C0B-3C3CEE0C7263}.Debug|Any CPU.ActiveCfg = Debug|Any CPU
		{5C6B0761-57CA-46E6-8C0B-3C3CEE0C7263}.Debug|Any CPU.Build.0 = Debug|Any CPU
		{5C6B0761-57CA-46E6-8C0B-3C3CEE0C7263}.Release|Any CPU.ActiveCfg = Release|Any CPU
		{5C6B0761-57CA-46E6-8C0B-3C3CEE0C7263}.Release|Any CPU.Build.0 = Release|Any CPU
		{90E886F4-7722-4FA5-A449-1DA007DEF942}.Debug|Any CPU.ActiveCfg = Debug|Any CPU
		{90E886F4-7722-4FA5-A449-1DA007DEF942}.Debug|Any CPU.Build.0 = Debug|Any CPU
		{90E886F4-7722-4FA5-A449-1DA007DEF942}.Release|Any CPU.ActiveCfg = Release|Any CPU
		{90E886F4-7722-4FA5-A449-1DA007DEF942}.Release|Any CPU.Build.0 = Release|Any CPU
		{5F09033F-9B64-4E93-B59F-632D940B1CD4}.Debug|Any CPU.ActiveCfg = Debug|Any CPU
		{5F09033F-9B64-4E93-B59F-632D940B1CD4}.Debug|Any CPU.Build.0 = Debug|Any CPU
		{5F09033F-9B64-4E93-B59F-632D940B1CD4}.Release|Any CPU.ActiveCfg = Release|Any CPU
		{5F09033F-9B64-4E93-B59F-632D940B1CD4}.Release|Any CPU.Build.0 = Release|Any CPU
		{0E192DDE-EA4F-4E86-A7E4-B2F8F1ECC9EB}.Debug|Any CPU.ActiveCfg = Debug|Any CPU
		{0E192DDE-EA4F-4E86-A7E4-B2F8F1ECC9EB}.Debug|Any CPU.Build.0 = Debug|Any CPU
		{0E192DDE-EA4F-4E86-A7E4-B2F8F1ECC9EB}.Release|Any CPU.ActiveCfg = Release|Any CPU
		{0E192DDE-EA4F-4E86-A7E4-B2F8F1ECC9EB}.Release|Any CPU.Build.0 = Release|Any CPU
		{030CC7FC-B80B-4069-A6C7-086DEBDCFA1D}.Debug|Any CPU.ActiveCfg = Debug|Any CPU
		{030CC7FC-B80B-4069-A6C7-086DEBDCFA1D}.Debug|Any CPU.Build.0 = Debug|Any CPU
		{030CC7FC-B80B-4069-A6C7-086DEBDCFA1D}.Release|Any CPU.ActiveCfg = Release|Any CPU
		{030CC7FC-B80B-4069-A6C7-086DEBDCFA1D}.Release|Any CPU.Build.0 = Release|Any CPU
		{24DEB468-CA2B-448F-BBD3-63BBF61F3414}.Debug|Any CPU.ActiveCfg = Debug|Any CPU
		{24DEB468-CA2B-448F-BBD3-63BBF61F3414}.Debug|Any CPU.Build.0 = Debug|Any CPU
		{24DEB468-CA2B-448F-BBD3-63BBF61F3414}.Release|Any CPU.ActiveCfg = Release|Any CPU
		{24DEB468-CA2B-448F-BBD3-63BBF61F3414}.Release|Any CPU.Build.0 = Release|Any CPU
		{1897709D-3932-45A9-BE2B-71A22045F57A}.Debug|Any CPU.ActiveCfg = Debug|Any CPU
		{1897709D-3932-45A9-BE2B-71A22045F57A}.Debug|Any CPU.Build.0 = Debug|Any CPU
		{1897709D-3932-45A9-BE2B-71A22045F57A}.Release|Any CPU.ActiveCfg = Release|Any CPU
		{1897709D-3932-45A9-BE2B-71A22045F57A}.Release|Any CPU.Build.0 = Release|Any CPU
	EndGlobalSection
	GlobalSection(SolutionProperties) = preSolution
		HideSolutionNode = FALSE
	EndGlobalSection
	GlobalSection(NestedProjects) = preSolution
		{686A88FA-F8CF-4751-9E69-CCE6E8F904AA} = {3E860F15-4A9C-4869-A34D-7AE7528E8AAF}
		{D3ABD228-1878-40FD-B34B-940FF5A14657} = {686A88FA-F8CF-4751-9E69-CCE6E8F904AA}
		{8A2F3FEA-EB02-438F-A8ED-7CAA89BD49A6} = {70641318-3005-4F01-AA52-49F2F42F16C8}
		{B662548C-8A6C-4972-904C-D1D2C204CF1A} = {8A2F3FEA-EB02-438F-A8ED-7CAA89BD49A6}
		{6E4638BD-2DBD-4760-91F6-26D6A4BAA2D6} = {686A88FA-F8CF-4751-9E69-CCE6E8F904AA}
		{2D74717F-38D3-4E86-A1E7-606EA2C92DF9} = {8A2F3FEA-EB02-438F-A8ED-7CAA89BD49A6}
		{0A151A56-9FED-460F-B4A7-51BCE93EAA6F} = {686A88FA-F8CF-4751-9E69-CCE6E8F904AA}
		{5C6B0761-57CA-46E6-8C0B-3C3CEE0C7263} = {686A88FA-F8CF-4751-9E69-CCE6E8F904AA}
		{90E886F4-7722-4FA5-A449-1DA007DEF942} = {8A2F3FEA-EB02-438F-A8ED-7CAA89BD49A6}
		{5F09033F-9B64-4E93-B59F-632D940B1CD4} = {686A88FA-F8CF-4751-9E69-CCE6E8F904AA}
		{0E192DDE-EA4F-4E86-A7E4-B2F8F1ECC9EB} = {8A2F3FEA-EB02-438F-A8ED-7CAA89BD49A6}
		{030CC7FC-B80B-4069-A6C7-086DEBDCFA1D} = {686A88FA-F8CF-4751-9E69-CCE6E8F904AA}
		{24DEB468-CA2B-448F-BBD3-63BBF61F3414} = {686A88FA-F8CF-4751-9E69-CCE6E8F904AA}
		{1897709D-3932-45A9-BE2B-71A22045F57A} = {8A2F3FEA-EB02-438F-A8ED-7CAA89BD49A6}
	EndGlobalSection
	GlobalSection(ExtensibilityGlobals) = postSolution
		SolutionGuid = {A23C9EA8-A9F5-4911-B793-46567B4418F6}
	EndGlobalSection
EndGlobal
